// !$*UTF8*$!
{
	archiveVersion = 1;
	classes = {
	};
	objectVersion = 46;
	objects = {

/* Begin PBXBuildFile section */
		1F7F0B1E1D1D234000CD4154 /* YellowVC.swift in Sources */ = {isa = PBXBuildFile; fileRef = 1F7F0B1D1D1D234000CD4154 /* YellowVC.swift */; };
		1F7F0B201D1D238100CD4154 /* YellowVC.xib in Resources */ = {isa = PBXBuildFile; fileRef = 1F7F0B1F1D1D238100CD4154 /* YellowVC.xib */; };
		1F7F0B231D1D244C00CD4154 /* BlueVC.swift in Sources */ = {isa = PBXBuildFile; fileRef = 1F7F0B211D1D244C00CD4154 /* BlueVC.swift */; };
		1F7F0B241D1D244C00CD4154 /* BlueVC.xib in Resources */ = {isa = PBXBuildFile; fileRef = 1F7F0B221D1D244C00CD4154 /* BlueVC.xib */; };
		1F9695C21D1CFB3400F6D902 /* AppDelegate.swift in Sources */ = {isa = PBXBuildFile; fileRef = 1F9695C11D1CFB3400F6D902 /* AppDelegate.swift */; };
		1F9695C91D1CFB3400F6D902 /* Assets.xcassets in Resources */ = {isa = PBXBuildFile; fileRef = 1F9695C81D1CFB3400F6D902 /* Assets.xcassets */; };
		1F9695CC1D1CFB3400F6D902 /* LaunchScreen.storyboard in Resources */ = {isa = PBXBuildFile; fileRef = 1F9695CA1D1CFB3400F6D902 /* LaunchScreen.storyboard */; };
/* End PBXBuildFile section */

/* Begin PBXFileReference section */
		1F7F0B1D1D1D234000CD4154 /* YellowVC.swift */ = {isa = PBXFileReference; fileEncoding = 4; lastKnownFileType = sourcecode.swift; path = YellowVC.swift; sourceTree = "<group>"; };
		1F7F0B1F1D1D238100CD4154 /* YellowVC.xib */ = {isa = PBXFileReference; fileEncoding = 4; lastKnownFileType = file.xib; path = YellowVC.xib; sourceTree = "<group>"; };
		1F7F0B211D1D244C00CD4154 /* BlueVC.swift */ = {isa = PBXFileReference; fileEncoding = 4; lastKnownFileType = sourcecode.swift; path = BlueVC.swift; sourceTree = "<group>"; };
		1F7F0B221D1D244C00CD4154 /* BlueVC.xib */ = {isa = PBXFileReference; fileEncoding = 4; lastKnownFileType = file.xib; path = BlueVC.xib; sourceTree = "<group>"; };
		1F9695BE1D1CFB3400F6D902 /* NoStoryboard.app */ = {isa = PBXFileReference; explicitFileType = wrapper.application; includeInIndex = 0; path = NoStoryboard.app; sourceTree = BUILT_PRODUCTS_DIR; };
		1F9695C11D1CFB3400F6D902 /* AppDelegate.swift */ = {isa = PBXFileReference; lastKnownFileType = sourcecode.swift; path = AppDelegate.swift; sourceTree = "<group>"; };
		1F9695C81D1CFB3400F6D902 /* Assets.xcassets */ = {isa = PBXFileReference; lastKnownFileType = folder.assetcatalog; path = Assets.xcassets; sourceTree = "<group>"; };
		1F9695CB1D1CFB3400F6D902 /* Base */ = {isa = PBXFileReference; lastKnownFileType = file.storyboard; name = Base; path = Base.lproj/LaunchScreen.storyboard; sourceTree = "<group>"; };
		1F9695CD1D1CFB3400F6D902 /* Info.plist */ = {isa = PBXFileReference; lastKnownFileType = text.plist.xml; path = Info.plist; sourceTree = "<group>"; };
/* End PBXFileReference section */

/* Begin PBXFrameworksBuildPhase section */
		1F9695BB1D1CFB3400F6D902 /* Frameworks */ = {
			isa = PBXFrameworksBuildPhase;
			buildActionMask = 2147483647;
			files = (
			);
			runOnlyForDeploymentPostprocessing = 0;
		};
/* End PBXFrameworksBuildPhase section */

/* Begin PBXGroup section */
		1F9695B51D1CFB3400F6D902 = {
			isa = PBXGroup;
			children = (
				1F9695C01D1CFB3400F6D902 /* NoStoryboard */,
				1F9695BF1D1CFB3400F6D902 /* Products */,
			);
			sourceTree = "<group>";
		};
		1F9695BF1D1CFB3400F6D902 /* Products */ = {
			isa = PBXGroup;
			children = (
				1F9695BE1D1CFB3400F6D902 /* NoStoryboard.app */,
			);
			name = Products;
			sourceTree = "<group>";
		};
		1F9695C01D1CFB3400F6D902 /* NoStoryboard */ = {
			isa = PBXGroup;
			children = (
				1F9695D71D1CFDED00F6D902 /* Controller */,
				1F9695D61D1CFDE700F6D902 /* View */,
				1F9695D51D1CFDDF00F6D902 /* Model */,
				1F9695C11D1CFB3400F6D902 /* AppDelegate.swift */,
				1F9695C81D1CFB3400F6D902 /* Assets.xcassets */,
				1F9695CA1D1CFB3400F6D902 /* LaunchScreen.storyboard */,
				1F9695CD1D1CFB3400F6D902 /* Info.plist */,
			);
			path = NoStoryboard;
			sourceTree = "<group>";
		};
		1F9695D51D1CFDDF00F6D902 /* Model */ = {
			isa = PBXGroup;
			children = (
			);
			name = Model;
			sourceTree = "<group>";
		};
		1F9695D61D1CFDE700F6D902 /* View */ = {
			isa = PBXGroup;
			children = (
				1F7F0B221D1D244C00CD4154 /* BlueVC.xib */,
				1F7F0B1F1D1D238100CD4154 /* YellowVC.xib */,
			);
			name = View;
			sourceTree = "<group>";
		};
		1F9695D71D1CFDED00F6D902 /* Controller */ = {
			isa = PBXGroup;
			children = (
				1F7F0B1D1D1D234000CD4154 /* YellowVC.swift */,
				1F7F0B211D1D244C00CD4154 /* BlueVC.swift */,
			);
			name = Controller;
			sourceTree = "<group>";
		};
/* End PBXGroup section */

/* Begin PBXNativeTarget section */
		1F9695BD1D1CFB3400F6D902 /* NoStoryboard */ = {
			isa = PBXNativeTarget;
			buildConfigurationList = 1F9695D01D1CFB3400F6D902 /* Build configuration list for PBXNativeTarget "NoStoryboard" */;
			buildPhases = (
				1F9695BA1D1CFB3400F6D902 /* Sources */,
				1F9695BB1D1CFB3400F6D902 /* Frameworks */,
				1F9695BC1D1CFB3400F6D902 /* Resources */,
			);
			buildRules = (
			);
			dependencies = (
			);
			name = NoStoryboard;
			productName = NoStoryboard;
			productReference = 1F9695BE1D1CFB3400F6D902 /* NoStoryboard.app */;
			productType = "com.apple.product-type.application";
		};
/* End PBXNativeTarget section */

/* Begin PBXProject section */
		1F9695B61D1CFB3400F6D902 /* Project object */ = {
			isa = PBXProject;
			attributes = {
				LastSwiftUpdateCheck = 0730;
				LastUpgradeCheck = 0730;
				ORGANIZATIONNAME = KSP;
				TargetAttributes = {
					1F9695BD1D1CFB3400F6D902 = {
						CreatedOnToolsVersion = 7.3.1;
					};
				};
			};
			buildConfigurationList = 1F9695B91D1CFB3400F6D902 /* Build configuration list for PBXProject "NoStoryboard" */;
			compatibilityVersion = "Xcode 3.2";
			developmentRegion = English;
			hasScannedForEncodings = 0;
			knownRegions = (
				en,
				Base,
			);
			mainGroup = 1F9695B51D1CFB3400F6D902;
			productRefGroup = 1F9695BF1D1CFB3400F6D902 /* Products */;
			projectDirPath = "";
			projectRoot = "";
			targets = (
				1F9695BD1D1CFB3400F6D902 /* NoStoryboard */,
			);
		};
/* End PBXProject section */

/* Begin PBXResourcesBuildPhase section */
		1F9695BC1D1CFB3400F6D902 /* Resources */ = {
			isa = PBXResourcesBuildPhase;
			buildActionMask = 2147483647;
			files = (
				1F7F0B241D1D244C00CD4154 /* BlueVC.xib in Resources */,
				1F7F0B201D1D238100CD4154 /* YellowVC.xib in Resources */,
				1F9695CC1D1CFB3400F6D902 /* LaunchScreen.storyboard in Resources */,
				1F9695C91D1CFB3400F6D902 /* Assets.xcassets in Resources */,
			);
			runOnlyForDeploymentPostprocessing = 0;
		};
/* End PBXResourcesBuildPhase section */

/* Begin PBXSourcesBuildPhase section */
		1F9695BA1D1CFB3400F6D902 /* Sources */ = {
			isa = PBXSourcesBuildPhase;
			buildActionMask = 2147483647;
			files = (
				1F7F0B1E1D1D234000CD4154 /* YellowVC.swift in Sources */,
				1F9695C21D1CFB3400F6D902 /* AppDelegate.swift in Sources */,
				1F7F0B231D1D244C00CD4154 /* BlueVC.swift in Sources */,
			);
			runOnlyForDeploymentPostprocessing = 0;
		};
/* End PBXSourcesBuildPhase section */

/* Begin PBXVariantGroup section */
		1F9695CA1D1CFB3400F6D902 /* LaunchScreen.storyboard */ = {
			isa = PBXVariantGroup;
			children = (
				1F9695CB1D1CFB3400F6D902 /* Base */,
			);
			name = LaunchScreen.storyboard;
			sourceTree = "<group>";
		};
/* End PBXVariantGroup section */

/* Begin XCBuildConfiguration section */
		1F9695CE1D1CFB3400F6D902 /* Debug */ = {
			isa = XCBuildConfiguration;
			buildSettings = {
				ALWAYS_SEARCH_USER_PATHS = NO;
				CLANG_ANALYZER_NONNULL = YES;
				CLANG_CXX_LANGUAGE_STANDARD = "gnu++0x";
				CLANG_CXX_LIBRARY = "libc++";
				CLANG_ENABLE_MODULES = YES;
				CLANG_ENABLE_OBJC_ARC = YES;
				CLANG_WARN_BOOL_CONVERSION = YES;
				CLANG_WARN_CONSTANT_CONVERSION = YES;
				CLANG_WARN_DIRECT_OBJC_ISA_USAGE = YES_ERROR;
				CLANG_WARN_EMPTY_BODY = YES;
				CLANG_WARN_ENUM_CONVERSION = YES;
				CLANG_WARN_INT_CONVERSION = YES;
				CLANG_WARN_OBJC_ROOT_CLASS = YES_ERROR;
				CLANG_WARN_UNREACHABLE_CODE = YES;
				CLANG_WARN__DUPLICATE_METHOD_MATCH = YES;
				"CODE_SIGN_IDENTITY[sdk=iphoneos*]" = "iPhone Developer";
				COPY_PHASE_STRIP = NO;
				DEBUG_INFORMATION_FORMAT = dwarf;
				ENABLE_STRICT_OBJC_MSGSEND = YES;
				ENABLE_TESTABILITY = YES;
				GCC_C_LANGUAGE_STANDARD = gnu99;
				GCC_DYNAMIC_NO_PIC = NO;
				GCC_NO_COMMON_BLOCKS = YES;
				GCC_OPTIMIZATION_LEVEL = 0;
				GCC_PREPROCESSOR_DEFINITIONS = (
					"DEBUG=1",
					"$(inherited)",
				);
				GCC_WARN_64_TO_32_BIT_CONVERSION = YES;
				GCC_WARN_ABOUT_RETURN_TYPE = YES_ERROR;
				GCC_WARN_UNDECLARED_SELECTOR = YES;
				GCC_WARN_UNINITIALIZED_AUTOS = YES_AGGRESSIVE;
				GCC_WARN_UNUSED_FUNCTION = YES;
				GCC_WARN_UNUSED_VARIABLE = YES;
				IPHONEOS_DEPLOYMENT_TARGET = 9.3;
				MTL_ENABLE_DEBUG_INFO = YES;
				ONLY_ACTIVE_ARCH = YES;
				SDKROOT = iphoneos;
				SWIFT_OPTIMIZATION_LEVEL = "-Onone";
			};
			name = Debug;
		};
		1F9695CF1D1CFB3400F6D902 /* Release */ = {
			isa = XCBuildConfiguration;
			buildSettings = {
				ALWAYS_SEARCH_USER_PATHS = NO;
				CLANG_ANALYZER_NONNULL = YES;
				CLANG_CXX_LANGUAGE_STANDARD = "gnu++0x";
				CLANG_CXX_LIBRARY = "libc++";
				CLANG_ENABLE_MODULES = YES;
				CLANG_ENABLE_OBJC_ARC = YES;
				CLANG_WARN_BOOL_CONVERSION = YES;
				CLANG_WARN_CONSTANT_CONVERSION = YES;
				CLANG_WARN_DIRECT_OBJC_ISA_USAGE = YES_ERROR;
				CLANG_WARN_EMPTY_BODY = YES;
				CLANG_WARN_ENUM_CONVERSION = YES;
				CLANG_WARN_INT_CONVERSION = YES;
				CLANG_WARN_OBJC_ROOT_CLASS = YES_ERROR;
				CLANG_WARN_UNREACHABLE_CODE = YES;
				CLANG_WARN__DUPLICATE_METHOD_MATCH = YES;
				"CODE_SIGN_IDENTITY[sdk=iphoneos*]" = "iPhone Developer";
				COPY_PHASE_STRIP = NO;
				DEBUG_INFORMATION_FORMAT = "dwarf-with-dsym";
				ENABLE_NS_ASSERTIONS = NO;
				ENABLE_STRICT_OBJC_MSGSEND = YES;
				GCC_C_LANGUAGE_STANDARD = gnu99;
				GCC_NO_COMMON_BLOCKS = YES;
				GCC_WARN_64_TO_32_BIT_CONVERSION = YES;
				GCC_WARN_ABOUT_RETURN_TYPE = YES_ERROR;
				GCC_WARN_UNDECLARED_SELECTOR = YES;
				GCC_WARN_UNINITIALIZED_AUTOS = YES_AGGRESSIVE;
				GCC_WARN_UNUSED_FUNCTION = YES;
				GCC_WARN_UNUSED_VARIABLE = YES;
				IPHONEOS_DEPLOYMENT_TARGET = 9.3;
				MTL_ENABLE_DEBUG_INFO = NO;
				SDKROOT = iphoneos;
				VALIDATE_PRODUCT = YES;
			};
			name = Release;
		};
		1F9695D11D1CFB3400F6D902 /* Debug */ = {
			isa = XCBuildConfiguration;
			buildSettings = {
				ASSETCATALOG_COMPILER_APPICON_NAME = AppIcon;
				INFOPLIST_FILE = NoStoryboard/Info.plist;
				LD_RUNPATH_SEARCH_PATHS = "$(inherited) @executable_path/Frameworks";
				PRODUCT_BUNDLE_IDENTIFIER = com.KSP.NoStoryboard;
				PRODUCT_NAME = "$(TARGET_NAME)";
			};
			name = Debug;
		};
		1F9695D21D1CFB3400F6D902 /* Release */ = {
			isa = XCBuildConfiguration;
			buildSettings = {
				ASSETCATALOG_COMPILER_APPICON_NAME = AppIcon;
				INFOPLIST_FILE = NoStoryboard/Info.plist;
				LD_RUNPATH_SEARCH_PATHS = "$(inherited) @executable_path/Frameworks";
				PRODUCT_BUNDLE_IDENTIFIER = com.KSP.NoStoryboard;
				PRODUCT_NAME = "$(TARGET_NAME)";
			};
			name = Release;
		};
/* End XCBuildConfiguration section */

/* Begin XCConfigurationList section */
		1F9695B91D1CFB3400F6D902 /* Build configuration list for PBXProject "NoStoryboard" */ = {
			isa = XCConfigurationList;
			buildConfigurations = (
				1F9695CE1D1CFB3400F6D902 /* Debug */,
				1F9695CF1D1CFB3400F6D902 /* Release */,
			);
			defaultConfigurationIsVisible = 0;
			defaultConfigurationName = Release;
		};
		1F9695D01D1CFB3400F6D902 /* Build configuration list for PBXNativeTarget "NoStoryboard" */ = {
			isa = XCConfigurationList;
			buildConfigurations = (
				1F9695D11D1CFB3400F6D902 /* Debug */,
				1F9695D21D1CFB3400F6D902 /* Release */,
			);
			defaultConfigurationIsVisible = 0;
			defaultConfigurationName = Release;
		};
/* End XCConfigurationList section */
	};
	rootObject = 1F9695B61D1CFB3400F6D902 /* Project object */;
}
